
Microsoft Visual Studio Solution File, Format Version 12.00
# Visual Studio Version 17
VisualStudioVersion = 17.10.35013.160
MinimumVisualStudioVersion = 10.0.40219.1
Project("{FAE04EC0-301F-11D3-BF4B-00C04F79EFBC}") = "URL_Parser", "URL_Parser\URL_Parser.csproj", "{9AFB1361-6264-415F-A7E2-F0F9D18CAC37}"
EndProject
Global
	GlobalSection(SolutionConfigurationPlatforms) = preSolution
		Debug|Any CPU = Debug|Any CPU
		Release|Any CPU = Release|Any CPU
	EndGlobalSection
	GlobalSection(ProjectConfigurationPlatforms) = postSolution
		{9AFB1361-6264-415F-A7E2-F0F9D18CAC37}.Debug|Any CPU.ActiveCfg = Debug|Any CPU
		{9AFB1361-6264-415F-A7E2-F0F9D18CAC37}.Debug|Any CPU.Build.0 = Debug|Any CPU
		{9AFB1361-6264-415F-A7E2-F0F9D18CAC37}.Release|Any CPU.ActiveCfg = Release|Any CPU
		{9AFB1361-6264-415F-A7E2-F0F9D18CAC37}.Release|Any CPU.Build.0 = Release|Any CPU
	EndGlobalSection
	GlobalSection(SolutionProperties) = preSolution
		HideSolutionNode = FALSE
	EndGlobalSection
	GlobalSection(ExtensibilityGlobals) = postSolution
		SolutionGuid = {054700B0-450F-4F61-90AE-B17D8A1EBC51}
	EndGlobalSection
EndGlobal
